github.com/jackpal/bencode-go v0.0.0-20180813173944-227668e840fa h1:ym9I4Q1lJG8nu+j5R2H6mHOfVjYbSiwUOzh/AFs3Xfs=
github.com/jackpal/bencode-go v0.0.0-20180813173944-227668e840fa/go.mod h1:5FSBQ74yhCl5oQ+QxRPYzWMONFnxbL68/23eezsBI5c=
github.com/wtrb/go v0.0.0-20191226043837-31ef73782f39 h1:spg5e9h5N7QK8uREkKu5aV0Q2aqVYyY7Mpo8wcj6Azk=
